
Microsoft Visual Studio Solution File, Format Version 12.00
# Visual Studio Version 17
VisualStudioVersion = 17.5.33627.172
MinimumVisualStudioVersion = 10.0.40219.1
Project("{9A19103F-16F7-4668-BE54-9A1E7A4F7556}") = "max.Cms12", "max.Cms12.csproj", "{2B80420F-72E5-4203-A503-ED251E71DD0E}"
EndProject
Global
	GlobalSection(SolutionConfigurationPlatforms) = preSolution
		Debug|Any CPU = Debug|Any CPU
		Release|Any CPU = Release|Any CPU
	EndGlobalSection
	GlobalSection(ProjectConfigurationPlatforms) = postSolution
		{2B80420F-72E5-4203-A503-ED251E71DD0E}.Debug|Any CPU.ActiveCfg = Debug|Any CPU
		{2B80420F-72E5-4203-A503-ED251E71DD0E}.Debug|Any CPU.Build.0 = Debug|Any CPU
		{2B80420F-72E5-4203-A503-ED251E71DD0E}.Release|Any CPU.ActiveCfg = Release|Any CPU
		{2B80420F-72E5-4203-A503-ED251E71DD0E}.Release|Any CPU.Build.0 = Release|Any CPU
	EndGlobalSection
	GlobalSection(SolutionProperties) = preSolution
		HideSolutionNode = FALSE
	EndGlobalSection
	GlobalSection(ExtensibilityGlobals) = postSolution
		SolutionGuid = {CED2188F-A648-40DC-85AA-334767CA1A52}
	EndGlobalSection
EndGlobal
